
Microsoft Visual Studio Solution File, Format Version 12.00
# Visual Studio Version 17
VisualStudioVersion = 17.5.002.0
MinimumVisualStudioVersion = 10.0.40219.1
Project("{9A19103F-16F7-4668-BE54-9A1E7A4F7556}") = "IntroHeranca", "IntroHeranca.csproj", "{880807DF-B3DB-4199-92C6-3020830697B5}"
EndProject
Global
	GlobalSection(SolutionConfigurationPlatforms) = preSolution
		Debug|Any CPU = Debug|Any CPU
		Release|Any CPU = Release|Any CPU
	EndGlobalSection
	GlobalSection(ProjectConfigurationPlatforms) = postSolution
		{880807DF-B3DB-4199-92C6-3020830697B5}.Debug|Any CPU.ActiveCfg = Debug|Any CPU
		{880807DF-B3DB-4199-92C6-3020830697B5}.Debug|Any CPU.Build.0 = Debug|Any CPU
		{880807DF-B3DB-4199-92C6-3020830697B5}.Release|Any CPU.ActiveCfg = Release|Any CPU
		{880807DF-B3DB-4199-92C6-3020830697B5}.Release|Any CPU.Build.0 = Release|Any CPU
	EndGlobalSection
	GlobalSection(SolutionProperties) = preSolution
		HideSolutionNode = FALSE
	EndGlobalSection
	GlobalSection(ExtensibilityGlobals) = postSolution
		SolutionGuid = {41EDC93D-CE4E-4A47-9E59-59E0EA8F467A}
	EndGlobalSection
EndGlobal
